
Microsoft Visual Studio Solution File, Format Version 12.00
Project("{FAE04EC0-301F-11D3-BF4B-00C04F79EFBC}") = "PhotosiProducts", "PhotosiProducts\PhotosiProducts.csproj", "{D8955E03-0CB0-4DF3-A414-AA3E763A7EC9}"
EndProject
Project("{FAE04EC0-301F-11D3-BF4B-00C04F79EFBC}") = "PhotosiProducts.UnitTest", "PhotosiProducts.UnitTest\PhotosiProducts.UnitTest.csproj", "{B505B5D1-D9C9-4C97-9304-3CC443363697}"
EndProject
Global
	GlobalSection(SolutionConfigurationPlatforms) = preSolution
		Debug|Any CPU = Debug|Any CPU
		Release|Any CPU = Release|Any CPU
	EndGlobalSection
	GlobalSection(ProjectConfigurationPlatforms) = postSolution
		{D8955E03-0CB0-4DF3-A414-AA3E763A7EC9}.Debug|Any CPU.ActiveCfg = Debug|Any CPU
		{D8955E03-0CB0-4DF3-A414-AA3E763A7EC9}.Debug|Any CPU.Build.0 = Debug|Any CPU
		{D8955E03-0CB0-4DF3-A414-AA3E763A7EC9}.Release|Any CPU.ActiveCfg = Release|Any CPU
		{D8955E03-0CB0-4DF3-A414-AA3E763A7EC9}.Release|Any CPU.Build.0 = Release|Any CPU
		{B505B5D1-D9C9-4C97-9304-3CC443363697}.Debug|Any CPU.ActiveCfg = Debug|Any CPU
		{B505B5D1-D9C9-4C97-9304-3CC443363697}.Debug|Any CPU.Build.0 = Debug|Any CPU
		{B505B5D1-D9C9-4C97-9304-3CC443363697}.Release|Any CPU.ActiveCfg = Release|Any CPU
		{B505B5D1-D9C9-4C97-9304-3CC443363697}.Release|Any CPU.Build.0 = Release|Any CPU
	EndGlobalSection
EndGlobal
